
Microsoft Visual Studio Solution File, Format Version 12.00
# Visual Studio Version 16
VisualStudioVersion = 16.0.30523.141
MinimumVisualStudioVersion = 10.0.40219.1
Project("{FAE04EC0-301F-11D3-BF4B-00C04F79EFBC}") = "ProfileBook", "ProfileBook\ProfileBook.csproj", "{36619931-7633-47AF-AD7D-AEAF61D6D6FD}"
EndProject
Project("{FAE04EC0-301F-11D3-BF4B-00C04F79EFBC}") = "ProfileBook.Android", "ProfileBook.Android\ProfileBook.Android.csproj", "{C65D24FD-485B-42B0-AB17-C1CCFD56471B}"
EndProject
Project("{FAE04EC0-301F-11D3-BF4B-00C04F79EFBC}") = "ProfileBook.iOS", "ProfileBook.iOS\ProfileBook.iOS.csproj", "{3508670D-137D-49B3-8446-1821B2A594D2}"
EndProject
Global
	GlobalSection(SolutionConfigurationPlatforms) = preSolution
		Ad-Hoc|Any CPU = Ad-Hoc|Any CPU
		Ad-Hoc|iPhone = Ad-Hoc|iPhone
		Ad-Hoc|iPhoneSimulator = Ad-Hoc|iPhoneSimulator
		AppStore|Any CPU = AppStore|Any CPU
		AppStore|iPhone = AppStore|iPhone
		AppStore|iPhoneSimulator = AppStore|iPhoneSimulator
		Debug|Any CPU = Debug|Any CPU
		Debug|iPhone = Debug|iPhone
		Debug|iPhoneSimulator = Debug|iPhoneSimulator
		Release|Any CPU = Release|Any CPU
		Release|iPhone = Release|iPhone
		Release|iPhoneSimulator = Release|iPhoneSimulator
	EndGlobalSection
	GlobalSection(ProjectConfigurationPlatforms) = postSolution
		{36619931-7633-47AF-AD7D-AEAF61D6D6FD}.Ad-Hoc|Any CPU.ActiveCfg = Release|Any CPU
		{36619931-7633-47AF-AD7D-AEAF61D6D6FD}.Ad-Hoc|Any CPU.Build.0 = Release|Any CPU
		{36619931-7633-47AF-AD7D-AEAF61D6D6FD}.Ad-Hoc|iPhone.ActiveCfg = Release|Any CPU
		{36619931-7633-47AF-AD7D-AEAF61D6D6FD}.Ad-Hoc|iPhone.Build.0 = Release|Any CPU
		{36619931-7633-47AF-AD7D-AEAF61D6D6FD}.Ad-Hoc|iPhoneSimulator.ActiveCfg = Release|Any CPU
		{36619931-7633-47AF-AD7D-AEAF61D6D6FD}.Ad-Hoc|iPhoneSimulator.Build.0 = Release|Any CPU
		{36619931-7633-47AF-AD7D-AEAF61D6D6FD}.AppStore|Any CPU.ActiveCfg = Release|Any CPU
		{36619931-7633-47AF-AD7D-AEAF61D6D6FD}.AppStore|Any CPU.Build.0 = Release|Any CPU
		{36619931-7633-47AF-AD7D-AEAF61D6D6FD}.AppStore|iPhone.ActiveCfg = Release|Any CPU
		{36619931-7633-47AF-AD7D-AEAF61D6D6FD}.AppStore|iPhone.Build.0 = Release|Any CPU
		{36619931-7633-47AF-AD7D-AEAF61D6D6FD}.AppStore|iPhoneSimulator.ActiveCfg = Release|Any CPU
		{36619931-7633-47AF-AD7D-AEAF61D6D6FD}.AppStore|iPhoneSimulator.Build.0 = Release|Any CPU
		{36619931-7633-47AF-AD7D-AEAF61D6D6FD}.Debug|Any CPU.ActiveCfg = Debug|Any CPU
		{36619931-7633-47AF-AD7D-AEAF61D6D6FD}.Debug|Any CPU.Build.0 = Debug|Any CPU
		{36619931-7633-47AF-AD7D-AEAF61D6D6FD}.Debug|iPhone.ActiveCfg = Debug|Any CPU
		{36619931-7633-47AF-AD7D-AEAF61D6D6FD}.Debug|iPhone.Build.0 = Debug|Any CPU
		{36619931-7633-47AF-AD7D-AEAF61D6D6FD}.Debug|iPhoneSimulator.ActiveCfg = Debug|Any CPU
		{36619931-7633-47AF-AD7D-AEAF61D6D6FD}.Debug|iPhoneSimulator.Build.0 = Debug|Any CPU
		{36619931-7633-47AF-AD7D-AEAF61D6D6FD}.Release|Any CPU.ActiveCfg = Release|Any CPU
		{36619931-7633-47AF-AD7D-AEAF61D6D6FD}.Release|Any CPU.Build.0 = Release|Any CPU
		{36619931-7633-47AF-AD7D-AEAF61D6D6FD}.Release|iPhone.ActiveCfg = Release|Any CPU
		{36619931-7633-47AF-AD7D-AEAF61D6D6FD}.Release|iPhone.Build.0 = Release|Any CPU
		{36619931-7633-47AF-AD7D-AEAF61D6D6FD}.Release|iPhoneSimulator.ActiveCfg = Release|Any CPU
		{36619931-7633-47AF-AD7D-AEAF61D6D6FD}.Release|iPhoneSimulator.Build.0 = Release|Any CPU
		{C65D24FD-485B-42B0-AB17-C1CCFD56471B}.Ad-Hoc|Any CPU.ActiveCfg = Debug|Any CPU
		{C65D24FD-485B-42B0-AB17-C1CCFD56471B}.Ad-Hoc|Any CPU.Build.0 = Debug|Any CPU
		{C65D24FD-485B-42B0-AB17-C1CCFD56471B}.Ad-Hoc|Any CPU.Deploy.0 = Debug|Any CPU
		{C65D24FD-485B-42B0-AB17-C1CCFD56471B}.Ad-Hoc|iPhone.ActiveCfg = Debug|Any CPU
		{C65D24FD-485B-42B0-AB17-C1CCFD56471B}.Ad-Hoc|iPhone.Build.0 = Debug|Any CPU
		{C65D24FD-485B-42B0-AB17-C1CCFD56471B}.Ad-Hoc|iPhone.Deploy.0 = Debug|Any CPU
		{C65D24FD-485B-42B0-AB17-C1CCFD56471B}.Ad-Hoc|iPhoneSimulator.ActiveCfg = Debug|Any CPU
		{C65D24FD-485B-42B0-AB17-C1CCFD56471B}.Ad-Hoc|iPhoneSimulator.Build.0 = Debug|Any CPU
		{C65D24FD-485B-42B0-AB17-C1CCFD56471B}.Ad-Hoc|iPhoneSimulator.Deploy.0 = Debug|Any CPU
		{C65D24FD-485B-42B0-AB17-C1CCFD56471B}.AppStore|Any CPU.ActiveCfg = Debug|Any CPU
		{C65D24FD-485B-42B0-AB17-C1CCFD56471B}.AppStore|Any CPU.Build.0 = Debug|Any CPU
		{C65D24FD-485B-42B0-AB17-C1CCFD56471B}.AppStore|Any CPU.Deploy.0 = Debug|Any CPU
		{C65D24FD-485B-42B0-AB17-C1CCFD56471B}.AppStore|iPhone.ActiveCfg = Debug|Any CPU
		{C65D24FD-485B-42B0-AB17-C1CCFD56471B}.AppStore|iPhone.Build.0 = Debug|Any CPU
		{C65D24FD-485B-42B0-AB17-C1CCFD56471B}.AppStore|iPhone.Deploy.0 = Debug|Any CPU
		{C65D24FD-485B-42B0-AB17-C1CCFD56471B}.AppStore|iPhoneSimulator.ActiveCfg = Debug|Any CPU
		{C65D24FD-485B-42B0-AB17-C1CCFD56471B}.AppStore|iPhoneSimulator.Build.0 = Debug|Any CPU
		{C65D24FD-485B-42B0-AB17-C1CCFD56471B}.AppStore|iPhoneSimulator.Deploy.0 = Debug|Any CPU
		{C65D24FD-485B-42B0-AB17-C1CCFD56471B}.Debug|Any CPU.ActiveCfg = Debug|Any CPU
		{C65D24FD-485B-42B0-AB17-C1CCFD56471B}.Debug|Any CPU.Build.0 = Debug|Any CPU
		{C65D24FD-485B-42B0-AB17-C1CCFD56471B}.Debug|Any CPU.Deploy.0 = Debug|Any CPU
		{C65D24FD-485B-42B0-AB17-C1CCFD56471B}.Debug|iPhone.ActiveCfg = Debug|Any CPU
		{C65D24FD-485B-42B0-AB17-C1CCFD56471B}.Debug|iPhone.Build.0 = Debug|Any CPU
		{C65D24FD-485B-42B0-AB17-C1CCFD56471B}.Debug|iPhone.Deploy.0 = Debug|Any CPU
		{C65D24FD-485B-42B0-AB17-C1CCFD56471B}.Debug|iPhoneSimulator.ActiveCfg = Debug|Any CPU
		{C65D24FD-485B-42B0-AB17-C1CCFD56471B}.Debug|iPhoneSimulator.Build.0 = Debug|Any CPU
		{C65D24FD-485B-42B0-AB17-C1CCFD56471B}.Debug|iPhoneSimulator.Deploy.0 = Debug|Any CPU
		{C65D24FD-485B-42B0-AB17-C1CCFD56471B}.Release|Any CPU.ActiveCfg = Release|Any CPU
		{C65D24FD-485B-42B0-AB17-C1CCFD56471B}.Release|Any CPU.Build.0 = Release|Any CPU
		{C65D24FD-485B-42B0-AB17-C1CCFD56471B}.Release|Any CPU.Deploy.0 = Release|Any CPU
		{C65D24FD-485B-42B0-AB17-C1CCFD56471B}.Release|iPhone.ActiveCfg = Release|Any CPU
		{C65D24FD-485B-42B0-AB17-C1CCFD56471B}.Release|iPhone.Build.0 = Release|Any CPU
		{C65D24FD-485B-42B0-AB17-C1CCFD56471B}.Release|iPhone.Deploy.0 = Release|Any CPU
		{C65D24FD-485B-42B0-AB17-C1CCFD56471B}.Release|iPhoneSimulator.ActiveCfg = Release|Any CPU
		{C65D24FD-485B-42B0-AB17-C1CCFD56471B}.Release|iPhoneSimulator.Build.0 = Release|Any CPU
		{C65D24FD-485B-42B0-AB17-C1CCFD56471B}.Release|iPhoneSimulator.Deploy.0 = Release|Any CPU
		{3508670D-137D-49B3-8446-1821B2A594D2}.Ad-Hoc|Any CPU.ActiveCfg = Ad-Hoc|iPhoneSimulator
		{3508670D-137D-49B3-8446-1821B2A594D2}.Ad-Hoc|iPhone.ActiveCfg = Ad-Hoc|iPhone
		{3508670D-137D-49B3-8446-1821B2A594D2}.Ad-Hoc|iPhone.Build.0 = Ad-Hoc|iPhone
		{3508670D-137D-49B3-8446-1821B2A594D2}.Ad-Hoc|iPhoneSimulator.ActiveCfg = Ad-Hoc|iPhoneSimulator
		{3508670D-137D-49B3-8446-1821B2A594D2}.Ad-Hoc|iPhoneSimulator.Build.0 = Ad-Hoc|iPhoneSimulator
		{3508670D-137D-49B3-8446-1821B2A594D2}.AppStore|Any CPU.ActiveCfg = AppStore|iPhoneSimulator
		{3508670D-137D-49B3-8446-1821B2A594D2}.AppStore|iPhone.ActiveCfg = AppStore|iPhone
		{3508670D-137D-49B3-8446-1821B2A594D2}.AppStore|iPhone.Build.0 = AppStore|iPhone
		{3508670D-137D-49B3-8446-1821B2A594D2}.AppStore|iPhoneSimulator.ActiveCfg = AppStore|iPhoneSimulator
		{3508670D-137D-49B3-8446-1821B2A594D2}.AppStore|iPhoneSimulator.Build.0 = AppStore|iPhoneSimulator
		{3508670D-137D-49B3-8446-1821B2A594D2}.Debug|Any CPU.ActiveCfg = Debug|iPhoneSimulator
		{3508670D-137D-49B3-8446-1821B2A594D2}.Debug|iPhone.ActiveCfg = Debug|iPhone
		{3508670D-137D-49B3-8446-1821B2A594D2}.Debug|iPhone.Build.0 = Debug|iPhone
		{3508670D-137D-49B3-8446-1821B2A594D2}.Debug|iPhoneSimulator.ActiveCfg = Debug|iPhoneSimulator
		{3508670D-137D-49B3-8446-1821B2A594D2}.Debug|iPhoneSimulator.Build.0 = Debug|iPhoneSimulator
		{3508670D-137D-49B3-8446-1821B2A594D2}.Release|Any CPU.ActiveCfg = Release|iPhoneSimulator
		{3508670D-137D-49B3-8446-1821B2A594D2}.Release|iPhone.ActiveCfg = Release|iPhone
		{3508670D-137D-49B3-8446-1821B2A594D2}.Release|iPhone.Build.0 = Release|iPhone
		{3508670D-137D-49B3-8446-1821B2A594D2}.Release|iPhoneSimulator.ActiveCfg = Release|iPhoneSimulator
		{3508670D-137D-49B3-8446-1821B2A594D2}.Release|iPhoneSimulator.Build.0 = Release|iPhoneSimulator
	EndGlobalSection
	GlobalSection(SolutionProperties) = preSolution
		HideSolutionNode = FALSE
	EndGlobalSection
	GlobalSection(ExtensibilityGlobals) = postSolution
		SolutionGuid = {AE39FF85-437C-4A8F-A357-90137E4D0890}
	EndGlobalSection
EndGlobal
