
Microsoft Visual Studio Solution File, Format Version 12.00
# Visual Studio Version 16
VisualStudioVersion = 16.0.30523.141
MinimumVisualStudioVersion = 10.0.40219.1
Project("{FAE04EC0-301F-11D3-BF4B-00C04F79EFBC}") = "ProfileBook", "ProfileBook\ProfileBook.csproj", "{FEEC4088-EA2E-42FF-8F92-DC95E64B8CB8}"
EndProject
Project("{FAE04EC0-301F-11D3-BF4B-00C04F79EFBC}") = "ProfileBook.Android", "ProfileBook.Android\ProfileBook.Android.csproj", "{FFE79AEA-B34E-46F4-93A5-17DA00A4AB38}"
EndProject
Project("{FAE04EC0-301F-11D3-BF4B-00C04F79EFBC}") = "ProfileBook.iOS", "ProfileBook.iOS\ProfileBook.iOS.csproj", "{84D10F27-DE0B-45F2-98B4-494A7BDA1417}"
EndProject
Global
	GlobalSection(SolutionConfigurationPlatforms) = preSolution
		Ad-Hoc|Any CPU = Ad-Hoc|Any CPU
		Ad-Hoc|iPhone = Ad-Hoc|iPhone
		Ad-Hoc|iPhoneSimulator = Ad-Hoc|iPhoneSimulator
		AppStore|Any CPU = AppStore|Any CPU
		AppStore|iPhone = AppStore|iPhone
		AppStore|iPhoneSimulator = AppStore|iPhoneSimulator
		Debug|Any CPU = Debug|Any CPU
		Debug|iPhone = Debug|iPhone
		Debug|iPhoneSimulator = Debug|iPhoneSimulator
		Release|Any CPU = Release|Any CPU
		Release|iPhone = Release|iPhone
		Release|iPhoneSimulator = Release|iPhoneSimulator
	EndGlobalSection
	GlobalSection(ProjectConfigurationPlatforms) = postSolution
		{FEEC4088-EA2E-42FF-8F92-DC95E64B8CB8}.Ad-Hoc|Any CPU.ActiveCfg = Release|Any CPU
		{FEEC4088-EA2E-42FF-8F92-DC95E64B8CB8}.Ad-Hoc|Any CPU.Build.0 = Release|Any CPU
		{FEEC4088-EA2E-42FF-8F92-DC95E64B8CB8}.Ad-Hoc|iPhone.ActiveCfg = Release|Any CPU
		{FEEC4088-EA2E-42FF-8F92-DC95E64B8CB8}.Ad-Hoc|iPhone.Build.0 = Release|Any CPU
		{FEEC4088-EA2E-42FF-8F92-DC95E64B8CB8}.Ad-Hoc|iPhoneSimulator.ActiveCfg = Release|Any CPU
		{FEEC4088-EA2E-42FF-8F92-DC95E64B8CB8}.Ad-Hoc|iPhoneSimulator.Build.0 = Release|Any CPU
		{FEEC4088-EA2E-42FF-8F92-DC95E64B8CB8}.AppStore|Any CPU.ActiveCfg = Release|Any CPU
		{FEEC4088-EA2E-42FF-8F92-DC95E64B8CB8}.AppStore|Any CPU.Build.0 = Release|Any CPU
		{FEEC4088-EA2E-42FF-8F92-DC95E64B8CB8}.AppStore|iPhone.ActiveCfg = Release|Any CPU
		{FEEC4088-EA2E-42FF-8F92-DC95E64B8CB8}.AppStore|iPhone.Build.0 = Release|Any CPU
		{FEEC4088-EA2E-42FF-8F92-DC95E64B8CB8}.AppStore|iPhoneSimulator.ActiveCfg = Release|Any CPU
		{FEEC4088-EA2E-42FF-8F92-DC95E64B8CB8}.AppStore|iPhoneSimulator.Build.0 = Release|Any CPU
		{FEEC4088-EA2E-42FF-8F92-DC95E64B8CB8}.Debug|Any CPU.ActiveCfg = Debug|Any CPU
		{FEEC4088-EA2E-42FF-8F92-DC95E64B8CB8}.Debug|Any CPU.Build.0 = Debug|Any CPU
		{FEEC4088-EA2E-42FF-8F92-DC95E64B8CB8}.Debug|iPhone.ActiveCfg = Debug|Any CPU
		{FEEC4088-EA2E-42FF-8F92-DC95E64B8CB8}.Debug|iPhone.Build.0 = Debug|Any CPU
		{FEEC4088-EA2E-42FF-8F92-DC95E64B8CB8}.Debug|iPhoneSimulator.ActiveCfg = Debug|Any CPU
		{FEEC4088-EA2E-42FF-8F92-DC95E64B8CB8}.Debug|iPhoneSimulator.Build.0 = Debug|Any CPU
		{FEEC4088-EA2E-42FF-8F92-DC95E64B8CB8}.Release|Any CPU.ActiveCfg = Release|Any CPU
		{FEEC4088-EA2E-42FF-8F92-DC95E64B8CB8}.Release|Any CPU.Build.0 = Release|Any CPU
		{FEEC4088-EA2E-42FF-8F92-DC95E64B8CB8}.Release|iPhone.ActiveCfg = Release|Any CPU
		{FEEC4088-EA2E-42FF-8F92-DC95E64B8CB8}.Release|iPhone.Build.0 = Release|Any CPU
		{FEEC4088-EA2E-42FF-8F92-DC95E64B8CB8}.Release|iPhoneSimulator.ActiveCfg = Release|Any CPU
		{FEEC4088-EA2E-42FF-8F92-DC95E64B8CB8}.Release|iPhoneSimulator.Build.0 = Release|Any CPU
		{FFE79AEA-B34E-46F4-93A5-17DA00A4AB38}.Ad-Hoc|Any CPU.ActiveCfg = Debug|Any CPU
		{FFE79AEA-B34E-46F4-93A5-17DA00A4AB38}.Ad-Hoc|Any CPU.Build.0 = Debug|Any CPU
		{FFE79AEA-B34E-46F4-93A5-17DA00A4AB38}.Ad-Hoc|Any CPU.Deploy.0 = Debug|Any CPU
		{FFE79AEA-B34E-46F4-93A5-17DA00A4AB38}.Ad-Hoc|iPhone.ActiveCfg = Debug|Any CPU
		{FFE79AEA-B34E-46F4-93A5-17DA00A4AB38}.Ad-Hoc|iPhone.Build.0 = Debug|Any CPU
		{FFE79AEA-B34E-46F4-93A5-17DA00A4AB38}.Ad-Hoc|iPhone.Deploy.0 = Debug|Any CPU
		{FFE79AEA-B34E-46F4-93A5-17DA00A4AB38}.Ad-Hoc|iPhoneSimulator.ActiveCfg = Debug|Any CPU
		{FFE79AEA-B34E-46F4-93A5-17DA00A4AB38}.Ad-Hoc|iPhoneSimulator.Build.0 = Debug|Any CPU
		{FFE79AEA-B34E-46F4-93A5-17DA00A4AB38}.Ad-Hoc|iPhoneSimulator.Deploy.0 = Debug|Any CPU
		{FFE79AEA-B34E-46F4-93A5-17DA00A4AB38}.AppStore|Any CPU.ActiveCfg = Debug|Any CPU
		{FFE79AEA-B34E-46F4-93A5-17DA00A4AB38}.AppStore|Any CPU.Build.0 = Debug|Any CPU
		{FFE79AEA-B34E-46F4-93A5-17DA00A4AB38}.AppStore|Any CPU.Deploy.0 = Debug|Any CPU
		{FFE79AEA-B34E-46F4-93A5-17DA00A4AB38}.AppStore|iPhone.ActiveCfg = Debug|Any CPU
		{FFE79AEA-B34E-46F4-93A5-17DA00A4AB38}.AppStore|iPhone.Build.0 = Debug|Any CPU
		{FFE79AEA-B34E-46F4-93A5-17DA00A4AB38}.AppStore|iPhone.Deploy.0 = Debug|Any CPU
		{FFE79AEA-B34E-46F4-93A5-17DA00A4AB38}.AppStore|iPhoneSimulator.ActiveCfg = Debug|Any CPU
		{FFE79AEA-B34E-46F4-93A5-17DA00A4AB38}.AppStore|iPhoneSimulator.Build.0 = Debug|Any CPU
		{FFE79AEA-B34E-46F4-93A5-17DA00A4AB38}.AppStore|iPhoneSimulator.Deploy.0 = Debug|Any CPU
		{FFE79AEA-B34E-46F4-93A5-17DA00A4AB38}.Debug|Any CPU.ActiveCfg = Debug|Any CPU
		{FFE79AEA-B34E-46F4-93A5-17DA00A4AB38}.Debug|Any CPU.Build.0 = Debug|Any CPU
		{FFE79AEA-B34E-46F4-93A5-17DA00A4AB38}.Debug|Any CPU.Deploy.0 = Debug|Any CPU
		{FFE79AEA-B34E-46F4-93A5-17DA00A4AB38}.Debug|iPhone.ActiveCfg = Debug|Any CPU
		{FFE79AEA-B34E-46F4-93A5-17DA00A4AB38}.Debug|iPhone.Build.0 = Debug|Any CPU
		{FFE79AEA-B34E-46F4-93A5-17DA00A4AB38}.Debug|iPhone.Deploy.0 = Debug|Any CPU
		{FFE79AEA-B34E-46F4-93A5-17DA00A4AB38}.Debug|iPhoneSimulator.ActiveCfg = Debug|Any CPU
		{FFE79AEA-B34E-46F4-93A5-17DA00A4AB38}.Debug|iPhoneSimulator.Build.0 = Debug|Any CPU
		{FFE79AEA-B34E-46F4-93A5-17DA00A4AB38}.Debug|iPhoneSimulator.Deploy.0 = Debug|Any CPU
		{FFE79AEA-B34E-46F4-93A5-17DA00A4AB38}.Release|Any CPU.ActiveCfg = Release|Any CPU
		{FFE79AEA-B34E-46F4-93A5-17DA00A4AB38}.Release|Any CPU.Build.0 = Release|Any CPU
		{FFE79AEA-B34E-46F4-93A5-17DA00A4AB38}.Release|Any CPU.Deploy.0 = Release|Any CPU
		{FFE79AEA-B34E-46F4-93A5-17DA00A4AB38}.Release|iPhone.ActiveCfg = Release|Any CPU
		{FFE79AEA-B34E-46F4-93A5-17DA00A4AB38}.Release|iPhone.Build.0 = Release|Any CPU
		{FFE79AEA-B34E-46F4-93A5-17DA00A4AB38}.Release|iPhone.Deploy.0 = Release|Any CPU
		{FFE79AEA-B34E-46F4-93A5-17DA00A4AB38}.Release|iPhoneSimulator.ActiveCfg = Release|Any CPU
		{FFE79AEA-B34E-46F4-93A5-17DA00A4AB38}.Release|iPhoneSimulator.Build.0 = Release|Any CPU
		{FFE79AEA-B34E-46F4-93A5-17DA00A4AB38}.Release|iPhoneSimulator.Deploy.0 = Release|Any CPU
		{84D10F27-DE0B-45F2-98B4-494A7BDA1417}.Ad-Hoc|Any CPU.ActiveCfg = Ad-Hoc|iPhoneSimulator
		{84D10F27-DE0B-45F2-98B4-494A7BDA1417}.Ad-Hoc|iPhone.ActiveCfg = Ad-Hoc|iPhone
		{84D10F27-DE0B-45F2-98B4-494A7BDA1417}.Ad-Hoc|iPhone.Build.0 = Ad-Hoc|iPhone
		{84D10F27-DE0B-45F2-98B4-494A7BDA1417}.Ad-Hoc|iPhoneSimulator.ActiveCfg = Ad-Hoc|iPhoneSimulator
		{84D10F27-DE0B-45F2-98B4-494A7BDA1417}.Ad-Hoc|iPhoneSimulator.Build.0 = Ad-Hoc|iPhoneSimulator
		{84D10F27-DE0B-45F2-98B4-494A7BDA1417}.AppStore|Any CPU.ActiveCfg = AppStore|iPhoneSimulator
		{84D10F27-DE0B-45F2-98B4-494A7BDA1417}.AppStore|iPhone.ActiveCfg = AppStore|iPhone
		{84D10F27-DE0B-45F2-98B4-494A7BDA1417}.AppStore|iPhone.Build.0 = AppStore|iPhone
		{84D10F27-DE0B-45F2-98B4-494A7BDA1417}.AppStore|iPhoneSimulator.ActiveCfg = AppStore|iPhoneSimulator
		{84D10F27-DE0B-45F2-98B4-494A7BDA1417}.AppStore|iPhoneSimulator.Build.0 = AppStore|iPhoneSimulator
		{84D10F27-DE0B-45F2-98B4-494A7BDA1417}.Debug|Any CPU.ActiveCfg = Debug|iPhoneSimulator
		{84D10F27-DE0B-45F2-98B4-494A7BDA1417}.Debug|iPhone.ActiveCfg = Debug|iPhone
		{84D10F27-DE0B-45F2-98B4-494A7BDA1417}.Debug|iPhone.Build.0 = Debug|iPhone
		{84D10F27-DE0B-45F2-98B4-494A7BDA1417}.Debug|iPhoneSimulator.ActiveCfg = Debug|iPhoneSimulator
		{84D10F27-DE0B-45F2-98B4-494A7BDA1417}.Debug|iPhoneSimulator.Build.0 = Debug|iPhoneSimulator
		{84D10F27-DE0B-45F2-98B4-494A7BDA1417}.Release|Any CPU.ActiveCfg = Release|iPhoneSimulator
		{84D10F27-DE0B-45F2-98B4-494A7BDA1417}.Release|iPhone.ActiveCfg = Release|iPhone
		{84D10F27-DE0B-45F2-98B4-494A7BDA1417}.Release|iPhone.Build.0 = Release|iPhone
		{84D10F27-DE0B-45F2-98B4-494A7BDA1417}.Release|iPhoneSimulator.ActiveCfg = Release|iPhoneSimulator
		{84D10F27-DE0B-45F2-98B4-494A7BDA1417}.Release|iPhoneSimulator.Build.0 = Release|iPhoneSimulator
	EndGlobalSection
	GlobalSection(SolutionProperties) = preSolution
		HideSolutionNode = FALSE
	EndGlobalSection
	GlobalSection(ExtensibilityGlobals) = postSolution
		SolutionGuid = {19245EDB-C9BD-461F-B6BF-B91B2E0F1CFC}
	EndGlobalSection
EndGlobal
